<Solution>
  <Folder Name="/Services/">
    <Project Path="../../../Downloads/SmartBankSolution/SmartBankSolution/APIServices/SmartBank.AccountService/SmartBank.AccountService.csproj" />
    <Project Path="../../../Downloads/SmartBankSolution/SmartBankSolution/APIServices/SmartBank.AuthService/SmartBank.AuthService.csproj" />
    <Project Path="SmartBank.TransactionService/SmartBank.TransactionService.csproj" />
  </Folder>
  <Project Path="SmartBank.Gateway/SmartBank.Gateway.csproj" Id="892cc1a9-b2a3-4523-8a69-44b0a1e63d28" />
  <Project Path="SmartBank.Web/SmartBank.Web.csproj" />
</Solution>
